
Microsoft Visual Studio Solution File, Format Version 12.00
# Visual Studio Version 16
VisualStudioVersion = 16.0.31112.23
MinimumVisualStudioVersion = 10.0.40219.1
Project("{2150E333-8FDC-42A3-9474-1A3956D46DE8}") = "Chapter01", "Chapter01", "{14DA3C47-96EC-46F2-9825-C6B2E8AC8683}"
EndProject
Project("{FAE04EC0-301F-11D3-BF4B-00C04F79EFBC}") = "DistanceConveter", "DistanceConveter\DistanceConveter.csproj", "{A7B930DE-4C67-4238-9853-A1CF5A5B53F0}"
EndProject
Global
	GlobalSection(SolutionConfigurationPlatforms) = preSolution
		Debug|Any CPU = Debug|Any CPU
		Release|Any CPU = Release|Any CPU
	EndGlobalSection
	GlobalSection(ProjectConfigurationPlatforms) = postSolution
		{A7B930DE-4C67-4238-9853-A1CF5A5B53F0}.Debug|Any CPU.ActiveCfg = Debug|Any CPU
		{A7B930DE-4C67-4238-9853-A1CF5A5B53F0}.Debug|Any CPU.Build.0 = Debug|Any CPU
		{A7B930DE-4C67-4238-9853-A1CF5A5B53F0}.Release|Any CPU.ActiveCfg = Release|Any CPU
		{A7B930DE-4C67-4238-9853-A1CF5A5B53F0}.Release|Any CPU.Build.0 = Release|Any CPU
	EndGlobalSection
	GlobalSection(SolutionProperties) = preSolution
		HideSolutionNode = FALSE
	EndGlobalSection
	GlobalSection(NestedProjects) = preSolution
		{A7B930DE-4C67-4238-9853-A1CF5A5B53F0} = {14DA3C47-96EC-46F2-9825-C6B2E8AC8683}
	EndGlobalSection
	GlobalSection(ExtensibilityGlobals) = postSolution
		SolutionGuid = {4EF76CD9-B9AC-4198-AFEB-588FBB38A84E}
	EndGlobalSection
EndGlobal
